
Microsoft Visual Studio Solution File, Format Version 12.00
Project("{FAE04EC0-301F-11D3-BF4B-00C04F79EFBC}") = "LibraryManagement.Api", "LibraryManagement.Api\LibraryManagement.Api.csproj", "{616CF01B-56D1-4698-8D51-32F89D8ACD5F}"
EndProject
Project("{FAE04EC0-301F-11D3-BF4B-00C04F79EFBC}") = "LibraryManagement.Domain", "LibraryManagement.Domain\LibraryManagement.Domain.csproj", "{E5779CE5-F8B0-4BAA-9D1C-A10FBFEE4ECB}"
EndProject
Project("{FAE04EC0-301F-11D3-BF4B-00C04F79EFBC}") = "LibraryManagement.Infrastructure", "LibraryManagement.Infrastructure\LibraryManagement.Infrastructure.csproj", "{69B7AE02-2F0D-4D4E-AB87-FA1E96CFFA6B}"
EndProject
Project("{FAE04EC0-301F-11D3-BF4B-00C04F79EFBC}") = "LibraryManagement.Application", "LibraryManagement.Application\LibraryManagement.Application.csproj", "{43F02DA2-C06A-4AE3-9113-1A396B2CACBB}"
EndProject
Global
	GlobalSection(SolutionConfigurationPlatforms) = preSolution
		Debug|Any CPU = Debug|Any CPU
		Release|Any CPU = Release|Any CPU
	EndGlobalSection
	GlobalSection(ProjectConfigurationPlatforms) = postSolution
		{616CF01B-56D1-4698-8D51-32F89D8ACD5F}.Debug|Any CPU.ActiveCfg = Debug|Any CPU
		{616CF01B-56D1-4698-8D51-32F89D8ACD5F}.Debug|Any CPU.Build.0 = Debug|Any CPU
		{616CF01B-56D1-4698-8D51-32F89D8ACD5F}.Release|Any CPU.ActiveCfg = Release|Any CPU
		{616CF01B-56D1-4698-8D51-32F89D8ACD5F}.Release|Any CPU.Build.0 = Release|Any CPU
		{E5779CE5-F8B0-4BAA-9D1C-A10FBFEE4ECB}.Debug|Any CPU.ActiveCfg = Debug|Any CPU
		{E5779CE5-F8B0-4BAA-9D1C-A10FBFEE4ECB}.Debug|Any CPU.Build.0 = Debug|Any CPU
		{E5779CE5-F8B0-4BAA-9D1C-A10FBFEE4ECB}.Release|Any CPU.ActiveCfg = Release|Any CPU
		{E5779CE5-F8B0-4BAA-9D1C-A10FBFEE4ECB}.Release|Any CPU.Build.0 = Release|Any CPU
		{69B7AE02-2F0D-4D4E-AB87-FA1E96CFFA6B}.Debug|Any CPU.ActiveCfg = Debug|Any CPU
		{69B7AE02-2F0D-4D4E-AB87-FA1E96CFFA6B}.Debug|Any CPU.Build.0 = Debug|Any CPU
		{69B7AE02-2F0D-4D4E-AB87-FA1E96CFFA6B}.Release|Any CPU.ActiveCfg = Release|Any CPU
		{69B7AE02-2F0D-4D4E-AB87-FA1E96CFFA6B}.Release|Any CPU.Build.0 = Release|Any CPU
		{43F02DA2-C06A-4AE3-9113-1A396B2CACBB}.Debug|Any CPU.ActiveCfg = Debug|Any CPU
		{43F02DA2-C06A-4AE3-9113-1A396B2CACBB}.Debug|Any CPU.Build.0 = Debug|Any CPU
		{43F02DA2-C06A-4AE3-9113-1A396B2CACBB}.Release|Any CPU.ActiveCfg = Release|Any CPU
		{43F02DA2-C06A-4AE3-9113-1A396B2CACBB}.Release|Any CPU.Build.0 = Release|Any CPU
	EndGlobalSection
EndGlobal
